{
  "name": "Calculatrice",
  "lockfileVersion": 2,
  "requires": true,
  "packages": {
    "": {
      "dependencies": {
        "@ionic/angular": "^6.1.6"
      }
    },
    "node_modules/@angular/common": {
      "version": "13.3.9",
      "resolved": "https://registry.npmjs.org/@angular/common/-/common-13.3.9.tgz",
      "integrity": "sha512-+bTleNL1XGlzuxLbVbsol82/33IW2pJasQN8ViraxKIElT2F8ooBJevIBMCSIcdvxvMBGAjn4ayQJr6tkPqPaw==",
      "peer": true,
      "dependencies": {
        "tslib": "^2.3.0"
      },
      "engines": {
        "node": "^12.20.0 || ^14.15.0 || >=16.10.0"
      },
      "peerDependencies": {
        "@angular/core": "13.3.9",
        "rxjs": "^6.5.3 || ^7.4.0"
      }
    },
    "node_modules/@angular/core": {
      "version": "13.3.9",
      "resolved": "https://registry.npmjs.org/@angular/core/-/core-13.3.9.tgz",
      "integrity": "sha512-LaY3yBDgN/efG11x/cwVeuC4gUG3YUMmk/sgAP3L1VGawYOiKoJ76decFpy6y4UgYPShQQRzpZQEVXF405jrLg==",
      "peer": true,
      "dependencies": {
        "tslib": "^2.3.0"
      },
      "engines": {
        "node": "^12.20.0 || ^14.15.0 || >=16.10.0"
      },
      "peerDependencies": {
        "rxjs": "^6.5.3 || ^7.4.0",
        "zone.js": "~0.11.4"
      }
    },
    "node_modules/@angular/forms": {
      "version": "13.3.9",
      "resolved": "https://registry.npmjs.org/@angular/forms/-/forms-13.3.9.tgz",
      "integrity": "sha512-eNOsqMVrMsBceoAJ9pS+2qQDWsgwt62q7abqfYdzSdkjWbnLrtaIPP6iYMGQke1pIcdUSyoun29VsdQTSXXksg==",
      "peer": true,
      "dependencies": {
        "tslib": "^2.3.0"
      },
      "engines": {
        "node": "^12.20.0 || ^14.15.0 || >=16.10.0"
      },
      "peerDependencies": {
        "@angular/common": "13.3.9",
        "@angular/core": "13.3.9",
        "@angular/platform-browser": "13.3.9",
        "rxjs": "^6.5.3 || ^7.4.0"
      }
    },
    "node_modules/@angular/platform-browser": {
      "version": "13.3.9",
      "resolved": "https://registry.npmjs.org/@angular/platform-browser/-/platform-browser-13.3.9.tgz",
      "integrity": "sha512-1l0IVYFbKCEfACR60bfLjH35BYP69CerIW9Ok58pedp0MIUsvPttBzUjM5HhW+3jhvNyO0cCMaK4r5kKTRMo4w==",
      "peer": true,
      "dependencies": {
        "tslib": "^2.3.0"
      },
      "engines": {
        "node": "^12.20.0 || ^14.15.0 || >=16.10.0"
      },
      "peerDependencies": {
        "@angular/animations": "13.3.9",
        "@angular/common": "13.3.9",
        "@angular/core": "13.3.9"
      },
      "peerDependenciesMeta": {
        "@angular/animations": {
          "optional": true
        }
      }
    },
    "node_modules/@angular/router": {
      "version": "13.3.9",
      "resolved": "https://registry.npmjs.org/@angular/router/-/router-13.3.9.tgz",
      "integrity": "sha512-M9j3ZscdRLsTnOLware1Yyw87JlRw/axoeZcN8JnTs3ltCc0+UMEJ22q0s8ud6j9GmYiA0+kmaM35OsEoHX72g==",
      "peer": true,
      "dependencies": {
        "tslib": "^2.3.0"
      },
      "engines": {
        "node": "^12.20.0 || ^14.15.0 || >=16.10.0"
      },
      "peerDependencies": {
        "@angular/common": "13.3.9",
        "@angular/core": "13.3.9",
        "@angular/platform-browser": "13.3.9",
        "rxjs": "^6.5.3 || ^7.4.0"
      }
    },
    "node_modules/@ionic/angular": {
      "version": "6.1.6",
      "resolved": "https://registry.npmjs.org/@ionic/angular/-/angular-6.1.6.tgz",
      "integrity": "sha512-XvcWFaPgKGeE+6k5FoJO1wg85737GghJgkK2hYEHuEUhk3QFgOhJ3mSQaKuRDFonAtuDCS1Yq9siyAZCk3NgxA==",
      "dependencies": {
        "@ionic/core": "^6.1.6",
        "jsonc-parser": "^3.0.0",
        "tslib": "^2.0.0"
      },
      "peerDependencies": {
        "@angular/core": ">=12.0.0",
        "@angular/forms": ">=12.0.0",
        "@angular/router": ">=12.0.0",
        "rxjs": ">=6.6.0",
        "zone.js": ">=0.11.0"
      }
    },
    "node_modules/@ionic/angular/node_modules/@ionic/core": {
      "version": "6.1.6",
      "resolved": "https://registry.npmjs.org/@ionic/core/-/core-6.1.6.tgz",
      "integrity": "sha512-AsYGEHKVHy082RST3RBrIiOZX6VXNy6qYSYtf6TwOwmF/YV+/ASaB1TqVO/jP658ML106nNcjUM0fTkbm9UXRA==",
      "dependencies": {
        "@stencil/core": "^2.14.2",
        "ionicons": "^6.0.0",
        "tslib": "^2.1.0"
      }
    },
    "node_modules/@stencil/core": {
      "version": "2.15.2",
      "resolved": "https://registry.npmjs.org/@stencil/core/-/core-2.15.2.tgz",
      "integrity": "sha512-D6dv2KAXlWt9mjC28q0s6anghQgXRn0k93suOf+4pqsv1Uq19zNJXpYL68N5GxMSiNZyMPTU4Tt2NCbut7DVGg==",
      "bin": {
        "stencil": "bin/stencil"
      },
      "engines": {
        "node": ">=12.10.0",
        "npm": ">=6.0.0"
      }
    },
    "node_modules/ionicons": {
      "version": "6.0.1",
      "resolved": "https://registry.npmjs.org/ionicons/-/ionicons-6.0.1.tgz",
      "integrity": "sha512-xQekOJsxH82O7oB+3F60zeRggCdND9pJ/k0E6IJDVUGGlCj5mlyFqNgxUimytKgstPGv3S+3EmCxjefvtGgWUg==",
      "dependencies": {
        "@stencil/core": "~2.12.0"
      }
    },
    "node_modules/ionicons/node_modules/@stencil/core": {
      "version": "2.12.1",
      "resolved": "https://registry.npmjs.org/@stencil/core/-/core-2.12.1.tgz",
      "integrity": "sha512-u24TZ+FEvjnZt5ZgIkLjLpUNsO6Ml3mUZqwmqk81w6RWWz75hgB5p4RFI5rvuErFeh2xvMIGo+pNdG24XUBz1A==",
      "bin": {
        "stencil": "bin/stencil"
      },
      "engines": {
        "node": ">=12.10.0",
        "npm": ">=6.0.0"
      }
    },
    "node_modules/jsonc-parser": {
      "version": "3.0.0",
      "resolved": "https://registry.npmjs.org/jsonc-parser/-/jsonc-parser-3.0.0.tgz",
      "integrity": "sha512-fQzRfAbIBnR0IQvftw9FJveWiHp72Fg20giDrHz6TdfB12UH/uue0D3hm57UB5KgAVuniLMCaS8P1IMj9NR7cA=="
    },
    "node_modules/rxjs": {
      "version": "7.5.5",
      "resolved": "https://registry.npmjs.org/rxjs/-/rxjs-7.5.5.tgz",
      "integrity": "sha512-sy+H0pQofO95VDmFLzyaw9xNJU4KTRSwQIGM6+iG3SypAtCiLDzpeG8sJrNCWn2Up9km+KhkvTdbkrdy+yzZdw==",
      "peer": true,
      "dependencies": {
        "tslib": "^2.1.0"
      }
    },
    "node_modules/tslib": {
      "version": "2.4.0",
      "resolved": "https://registry.npmjs.org/tslib/-/tslib-2.4.0.tgz",
      "integrity": "sha512-d6xOpEDfsi2CZVlPQzGeux8XMwLT9hssAsaPYExaQMuYskwb+x1x7J371tWlbBdWHroy99KnVB6qIkUbs5X3UQ=="
    },
    "node_modules/zone.js": {
      "version": "0.11.5",
      "resolved": "https://registry.npmjs.org/zone.js/-/zone.js-0.11.5.tgz",
      "integrity": "sha512-D1/7VxEuQ7xk6z/kAROe4SUbd9CzxY4zOwVGnGHerd/SgLIVU5f4esDzQUsOCeArn933BZfWMKydH7l7dPEp0g==",
      "peer": true,
      "dependencies": {
        "tslib": "^2.3.0"
      }
    }
  },
  "dependencies": {
    "@angular/common": {
      "version": "13.3.9",
      "resolved": "https://registry.npmjs.org/@angular/common/-/common-13.3.9.tgz",
      "integrity": "sha512-+bTleNL1XGlzuxLbVbsol82/33IW2pJasQN8ViraxKIElT2F8ooBJevIBMCSIcdvxvMBGAjn4ayQJr6tkPqPaw==",
      "peer": true,
      "requires": {
        "tslib": "^2.3.0"
      }
    },
    "@angular/core": {
      "version": "13.3.9",
      "resolved": "https://registry.npmjs.org/@angular/core/-/core-13.3.9.tgz",
      "integrity": "sha512-LaY3yBDgN/efG11x/cwVeuC4gUG3YUMmk/sgAP3L1VGawYOiKoJ76decFpy6y4UgYPShQQRzpZQEVXF405jrLg==",
      "peer": true,
      "requires": {
        "tslib": "^2.3.0"
      }
    },
    "@angular/forms": {
      "version": "13.3.9",
      "resolved": "https://registry.npmjs.org/@angular/forms/-/forms-13.3.9.tgz",
      "integrity": "sha512-eNOsqMVrMsBceoAJ9pS+2qQDWsgwt62q7abqfYdzSdkjWbnLrtaIPP6iYMGQke1pIcdUSyoun29VsdQTSXXksg==",
      "peer": true,
      "requires": {
        "tslib": "^2.3.0"
      }
    },
    "@angular/platform-browser": {
      "version": "13.3.9",
      "resolved": "https://registry.npmjs.org/@angular/platform-browser/-/platform-browser-13.3.9.tgz",
      "integrity": "sha512-1l0IVYFbKCEfACR60bfLjH35BYP69CerIW9Ok58pedp0MIUsvPttBzUjM5HhW+3jhvNyO0cCMaK4r5kKTRMo4w==",
      "peer": true,
      "requires": {
        "tslib": "^2.3.0"
      }
    },
    "@angular/router": {
      "version": "13.3.9",
      "resolved": "https://registry.npmjs.org/@angular/router/-/router-13.3.9.tgz",
      "integrity": "sha512-M9j3ZscdRLsTnOLware1Yyw87JlRw/axoeZcN8JnTs3ltCc0+UMEJ22q0s8ud6j9GmYiA0+kmaM35OsEoHX72g==",
      "peer": true,
      "requires": {
        "tslib": "^2.3.0"
      }
    },
    "@ionic/angular": {
      "version": "6.1.6",
      "resolved": "https://registry.npmjs.org/@ionic/angular/-/angular-6.1.6.tgz",
      "integrity": "sha512-XvcWFaPgKGeE+6k5FoJO1wg85737GghJgkK2hYEHuEUhk3QFgOhJ3mSQaKuRDFonAtuDCS1Yq9siyAZCk3NgxA==",
      "requires": {
        "@ionic/core": "^6.1.6",
        "jsonc-parser": "^3.0.0",
        "tslib": "^2.0.0"
      },
      "dependencies": {
        "@ionic/core": {
          "version": "6.1.6",
          "resolved": "https://registry.npmjs.org/@ionic/core/-/core-6.1.6.tgz",
          "integrity": "sha512-AsYGEHKVHy082RST3RBrIiOZX6VXNy6qYSYtf6TwOwmF/YV+/ASaB1TqVO/jP658ML106nNcjUM0fTkbm9UXRA==",
          "requires": {
            "@stencil/core": "^2.14.2",
            "ionicons": "^6.0.0",
            "tslib": "^2.1.0"
          }
        }
      }
    },
    "@stencil/core": {
      "version": "2.15.2",
      "resolved": "https://registry.npmjs.org/@stencil/core/-/core-2.15.2.tgz",
      "integrity": "sha512-D6dv2KAXlWt9mjC28q0s6anghQgXRn0k93suOf+4pqsv1Uq19zNJXpYL68N5GxMSiNZyMPTU4Tt2NCbut7DVGg=="
    },
    "ionicons": {
      "version": "6.0.1",
      "resolved": "https://registry.npmjs.org/ionicons/-/ionicons-6.0.1.tgz",
      "integrity": "sha512-xQekOJsxH82O7oB+3F60zeRggCdND9pJ/k0E6IJDVUGGlCj5mlyFqNgxUimytKgstPGv3S+3EmCxjefvtGgWUg==",
      "requires": {
        "@stencil/core": "~2.12.0"
      },
      "dependencies": {
        "@stencil/core": {
          "version": "2.12.1",
          "resolved": "https://registry.npmjs.org/@stencil/core/-/core-2.12.1.tgz",
          "integrity": "sha512-u24TZ+FEvjnZt5ZgIkLjLpUNsO6Ml3mUZqwmqk81w6RWWz75hgB5p4RFI5rvuErFeh2xvMIGo+pNdG24XUBz1A=="
        }
      }
    },
    "jsonc-parser": {
      "version": "3.0.0",
      "resolved": "https://registry.npmjs.org/jsonc-parser/-/jsonc-parser-3.0.0.tgz",
      "integrity": "sha512-fQzRfAbIBnR0IQvftw9FJveWiHp72Fg20giDrHz6TdfB12UH/uue0D3hm57UB5KgAVuniLMCaS8P1IMj9NR7cA=="
    },
    "rxjs": {
      "version": "7.5.5",
      "resolved": "https://registry.npmjs.org/rxjs/-/rxjs-7.5.5.tgz",
      "integrity": "sha512-sy+H0pQofO95VDmFLzyaw9xNJU4KTRSwQIGM6+iG3SypAtCiLDzpeG8sJrNCWn2Up9km+KhkvTdbkrdy+yzZdw==",
      "peer": true,
      "requires": {
        "tslib": "^2.1.0"
      }
    },
    "tslib": {
      "version": "2.4.0",
      "resolved": "https://registry.npmjs.org/tslib/-/tslib-2.4.0.tgz",
      "integrity": "sha512-d6xOpEDfsi2CZVlPQzGeux8XMwLT9hssAsaPYExaQMuYskwb+x1x7J371tWlbBdWHroy99KnVB6qIkUbs5X3UQ=="
    },
    "zone.js": {
      "version": "0.11.5",
      "resolved": "https://registry.npmjs.org/zone.js/-/zone.js-0.11.5.tgz",
      "integrity": "sha512-D1/7VxEuQ7xk6z/kAROe4SUbd9CzxY4zOwVGnGHerd/SgLIVU5f4esDzQUsOCeArn933BZfWMKydH7l7dPEp0g==",
      "peer": true,
      "requires": {
        "tslib": "^2.3.0"
      }
    }
  }
}
